
Microsoft Visual Studio Solution File, Format Version 11.00
# Visual Studio 2010
Project("{FAE04EC0-301F-11D3-BF4B-00C04F79EFBC}") = "BenchmarkSystem", "BenchmarkSystem\BenchmarkSystem.csproj", "{0981D114-0627-4714-8809-9AF2276F8AC4}"
EndProject
Global
	GlobalSection(SolutionConfigurationPlatforms) = preSolution
		Debug|Any CPU = Debug|Any CPU
		Release|Any CPU = Release|Any CPU
	EndGlobalSection
	GlobalSection(ProjectConfigurationPlatforms) = postSolution
		{0981D114-0627-4714-8809-9AF2276F8AC4}.Debug|Any CPU.ActiveCfg = Debug|Any CPU
		{0981D114-0627-4714-8809-9AF2276F8AC4}.Debug|Any CPU.Build.0 = Debug|Any CPU
		{0981D114-0627-4714-8809-9AF2276F8AC4}.Release|Any CPU.ActiveCfg = Release|Any CPU
		{0981D114-0627-4714-8809-9AF2276F8AC4}.Release|Any CPU.Build.0 = Release|Any CPU
	EndGlobalSection
	GlobalSection(SolutionProperties) = preSolution
		HideSolutionNode = FALSE
	EndGlobalSection
EndGlobal
