
Microsoft Visual Studio Solution File, Format Version 11.00
# Visual Studio 2010
Project("{FAE04EC0-301F-11D3-BF4B-00C04F79EFBC}") = "CommandLineGameOfLife", "CommandLineGameOfLife\CommandLineGameOfLife.csproj", "{53168741-B271-4711-B701-7C258188FEAE}"
EndProject
Project("{FAE04EC0-301F-11D3-BF4B-00C04F79EFBC}") = "GameOfLife", "GameOfLife\GameOfLife.csproj", "{15854579-4F66-4AAC-BD1E-D88E87001C89}"
EndProject
Project("{FAE04EC0-301F-11D3-BF4B-00C04F79EFBC}") = "TestGameOfLife", "TestGameOfLife\TestGameOfLife.csproj", "{6B3C7961-A00B-4C21-8870-2E25AE5CB41E}"
EndProject
Project("{2150E333-8FDC-42A3-9474-1A3956D46DE8}") = "Solution Items", "Solution Items", "{9662BFBF-0487-4401-BA58-0F370124B024}"
	ProjectSection(SolutionItems) = preProject
		CommandLineGameOfLife.vsmdi = CommandLineGameOfLife.vsmdi
		Local.testsettings = Local.testsettings
		TraceAndTestImpact.testsettings = TraceAndTestImpact.testsettings
	EndProjectSection
EndProject
Global
	GlobalSection(TestCaseManagementSettings) = postSolution
		CategoryFile = CommandLineGameOfLife.vsmdi
	EndGlobalSection
	GlobalSection(SolutionConfigurationPlatforms) = preSolution
		Debug|Any CPU = Debug|Any CPU
		Debug|Mixed Platforms = Debug|Mixed Platforms
		Debug|x86 = Debug|x86
		Release|Any CPU = Release|Any CPU
		Release|Mixed Platforms = Release|Mixed Platforms
		Release|x86 = Release|x86
	EndGlobalSection
	GlobalSection(ProjectConfigurationPlatforms) = postSolution
		{53168741-B271-4711-B701-7C258188FEAE}.Debug|Any CPU.ActiveCfg = Debug|x86
		{53168741-B271-4711-B701-7C258188FEAE}.Debug|Mixed Platforms.ActiveCfg = Debug|x86
		{53168741-B271-4711-B701-7C258188FEAE}.Debug|Mixed Platforms.Build.0 = Debug|x86
		{53168741-B271-4711-B701-7C258188FEAE}.Debug|x86.ActiveCfg = Debug|x86
		{53168741-B271-4711-B701-7C258188FEAE}.Debug|x86.Build.0 = Debug|x86
		{53168741-B271-4711-B701-7C258188FEAE}.Release|Any CPU.ActiveCfg = Release|x86
		{53168741-B271-4711-B701-7C258188FEAE}.Release|Mixed Platforms.ActiveCfg = Release|x86
		{53168741-B271-4711-B701-7C258188FEAE}.Release|Mixed Platforms.Build.0 = Release|x86
		{53168741-B271-4711-B701-7C258188FEAE}.Release|x86.ActiveCfg = Release|x86
		{53168741-B271-4711-B701-7C258188FEAE}.Release|x86.Build.0 = Release|x86
		{15854579-4F66-4AAC-BD1E-D88E87001C89}.Debug|Any CPU.ActiveCfg = Debug|Any CPU
		{15854579-4F66-4AAC-BD1E-D88E87001C89}.Debug|Any CPU.Build.0 = Debug|Any CPU
		{15854579-4F66-4AAC-BD1E-D88E87001C89}.Debug|Mixed Platforms.ActiveCfg = Debug|Any CPU
		{15854579-4F66-4AAC-BD1E-D88E87001C89}.Debug|Mixed Platforms.Build.0 = Debug|Any CPU
		{15854579-4F66-4AAC-BD1E-D88E87001C89}.Debug|x86.ActiveCfg = Debug|Any CPU
		{15854579-4F66-4AAC-BD1E-D88E87001C89}.Release|Any CPU.ActiveCfg = Release|Any CPU
		{15854579-4F66-4AAC-BD1E-D88E87001C89}.Release|Any CPU.Build.0 = Release|Any CPU
		{15854579-4F66-4AAC-BD1E-D88E87001C89}.Release|Mixed Platforms.ActiveCfg = Release|Any CPU
		{15854579-4F66-4AAC-BD1E-D88E87001C89}.Release|Mixed Platforms.Build.0 = Release|Any CPU
		{15854579-4F66-4AAC-BD1E-D88E87001C89}.Release|x86.ActiveCfg = Release|Any CPU
		{6B3C7961-A00B-4C21-8870-2E25AE5CB41E}.Debug|Any CPU.ActiveCfg = Debug|Any CPU
		{6B3C7961-A00B-4C21-8870-2E25AE5CB41E}.Debug|Any CPU.Build.0 = Debug|Any CPU
		{6B3C7961-A00B-4C21-8870-2E25AE5CB41E}.Debug|Mixed Platforms.ActiveCfg = Debug|Any CPU
		{6B3C7961-A00B-4C21-8870-2E25AE5CB41E}.Debug|Mixed Platforms.Build.0 = Debug|Any CPU
		{6B3C7961-A00B-4C21-8870-2E25AE5CB41E}.Debug|x86.ActiveCfg = Debug|Any CPU
		{6B3C7961-A00B-4C21-8870-2E25AE5CB41E}.Release|Any CPU.ActiveCfg = Release|Any CPU
		{6B3C7961-A00B-4C21-8870-2E25AE5CB41E}.Release|Any CPU.Build.0 = Release|Any CPU
		{6B3C7961-A00B-4C21-8870-2E25AE5CB41E}.Release|Mixed Platforms.ActiveCfg = Release|Any CPU
		{6B3C7961-A00B-4C21-8870-2E25AE5CB41E}.Release|Mixed Platforms.Build.0 = Release|Any CPU
		{6B3C7961-A00B-4C21-8870-2E25AE5CB41E}.Release|x86.ActiveCfg = Release|Any CPU
	EndGlobalSection
	GlobalSection(SolutionProperties) = preSolution
		HideSolutionNode = FALSE
	EndGlobalSection
EndGlobal
